
Microsoft Visual Studio Solution File, Format Version 12.00
# Visual Studio Version 16
VisualStudioVersion = 16.0.31702.278
MinimumVisualStudioVersion = 10.0.40219.1
Project("{FAE04EC0-301F-11D3-BF4B-00C04F79EFBC}") = "V1-RestaurantSigloXXI", "V1-RestaurantSigloXXI\V1-RestaurantSigloXXI.csproj", "{2116CF71-F3C7-42DD-AC93-0B2EC1BFDB42}"
EndProject
Global
	GlobalSection(SolutionConfigurationPlatforms) = preSolution
		Debug|Any CPU = Debug|Any CPU
		Release|Any CPU = Release|Any CPU
	EndGlobalSection
	GlobalSection(ProjectConfigurationPlatforms) = postSolution
		{2116CF71-F3C7-42DD-AC93-0B2EC1BFDB42}.Debug|Any CPU.ActiveCfg = Debug|Any CPU
		{2116CF71-F3C7-42DD-AC93-0B2EC1BFDB42}.Debug|Any CPU.Build.0 = Debug|Any CPU
		{2116CF71-F3C7-42DD-AC93-0B2EC1BFDB42}.Release|Any CPU.ActiveCfg = Release|Any CPU
		{2116CF71-F3C7-42DD-AC93-0B2EC1BFDB42}.Release|Any CPU.Build.0 = Release|Any CPU
	EndGlobalSection
	GlobalSection(SolutionProperties) = preSolution
		HideSolutionNode = FALSE
	EndGlobalSection
	GlobalSection(ExtensibilityGlobals) = postSolution
		SolutionGuid = {497286E8-4C20-44E1-A57E-163CA16BB305}
	EndGlobalSection
EndGlobal
